
Microsoft Visual Studio Solution File, Format Version 12.00
# Visual Studio Version 17
VisualStudioVersion = 17.13.35806.99 d17.13
MinimumVisualStudioVersion = 10.0.40219.1
Project("{FAE04EC0-301F-11D3-BF4B-00C04F79EFBC}") = "modul5_2311104057", "modul5_2311104057\modul5_2311104057.csproj", "{80908CCB-F044-499C-99EE-14D4C25C0B95}"
EndProject
Global
	GlobalSection(SolutionConfigurationPlatforms) = preSolution
		Debug|Any CPU = Debug|Any CPU
		Release|Any CPU = Release|Any CPU
	EndGlobalSection
	GlobalSection(ProjectConfigurationPlatforms) = postSolution
		{80908CCB-F044-499C-99EE-14D4C25C0B95}.Debug|Any CPU.ActiveCfg = Debug|Any CPU
		{80908CCB-F044-499C-99EE-14D4C25C0B95}.Debug|Any CPU.Build.0 = Debug|Any CPU
		{80908CCB-F044-499C-99EE-14D4C25C0B95}.Release|Any CPU.ActiveCfg = Release|Any CPU
		{80908CCB-F044-499C-99EE-14D4C25C0B95}.Release|Any CPU.Build.0 = Release|Any CPU
	EndGlobalSection
	GlobalSection(SolutionProperties) = preSolution
		HideSolutionNode = FALSE
	EndGlobalSection
	GlobalSection(ExtensibilityGlobals) = postSolution
		SolutionGuid = {AA837F24-FDFA-409F-BCBE-01CD451076F1}
	EndGlobalSection
EndGlobal
